{
  "version": "3",
  "packages": {
    "specifiers": {
      "jsr:@b-fuze/deno-dom": "jsr:@b-fuze/deno-dom@0.1.47",
      "jsr:@b-fuze/deno-dom@0.1.47": "jsr:@b-fuze/deno-dom@0.1.47",
      "jsr:@hono/hono": "jsr:@hono/hono@4.5.8",
      "jsr:@libs/typing@2": "jsr:@libs/typing@2.8.1",
      "jsr:@libs/xml": "jsr:@libs/xml@5.4.13",
      "jsr:@std/fs": "jsr:@std/fs@1.0.1",
      "jsr:@std/path": "jsr:@std/path@1.0.2",
      "jsr:@std/path@^1.0.2": "jsr:@std/path@1.0.2",
      "jsr:@std/testing@^1.0.0": "jsr:@std/testing@1.0.0",
      "npm:zod": "npm:zod@3.23.8",
      "npm:zod-opts": "npm:zod-opts@0.1.8",
      "npm:zx": "npm:zx@8.1.4"
    },
    "jsr": {
      "@b-fuze/deno-dom@0.1.47": {
        "integrity": "270a888de91329f8ce3849211ece0ad97ce1e8b9a8a774f2bed2f43c8b0ffe8e"
      },
      "@hono/hono@4.5.8": {
        "integrity": "60f5b4c61edae2016022d6087b4fc381f378d337f046f56e00a3a3512c7e9c16"
      },
      "@libs/typing@2.8.1": {
        "integrity": "08437a01ec51f74a20a5ab5d683475025f93a2ad641d2394a97e87f7b5194d78"
      },
      "@libs/xml@5.4.13": {
        "integrity": "995320d1ce4a29ced82233e5e46d47a880e338197bbd257a686bf9afcc3ac0e4",
        "dependencies": [
          "jsr:@libs/typing@2"
        ]
      },
      "@std/fs@0.229.1": {
        "integrity": "38d3fb31f0ca0a8c1118e039939188f32e291a3f7f17dc0868fec22024bdfadd"
      },
      "@std/fs@1.0.1": {
        "integrity": "d6914ca2c21abe591f733b31dbe6331e446815e513e2451b3b9e472daddfefcb",
        "dependencies": [
          "jsr:@std/path@^1.0.2"
        ]
      },
      "@std/path@1.0.2": {
        "integrity": "a452174603f8c620bd278a380c596437a9eef50c891c64b85812f735245d9ec7"
      },
      "@std/testing@1.0.0": {
        "integrity": "27cfc06392c69c2acffe54e6d0bcb5f961cf193f519255372bd4fff1481bfef8"
      }
    },
    "npm": {
      "@types/fs-extra@11.0.4": {
        "integrity": "sha512-yTbItCNreRooED33qjunPthRcSjERP1r4MqCZc7wv0u2sUkzTFp45tgUfS5+r7FrZPdmCCNflLhVSP/o+SemsQ==",
        "dependencies": {
          "@types/jsonfile": "@types/jsonfile@6.1.4",
          "@types/node": "@types/node@18.16.19"
        }
      },
      "@types/jsonfile@6.1.4": {
        "integrity": "sha512-D5qGUYwjvnNNextdU59/+fI+spnwtTFmyQP0h+PfIOSkNfpU6AOICUOkm4i0OnSk+NyjdPJrxCDro0sJsWlRpQ==",
        "dependencies": {
          "@types/node": "@types/node@18.16.19"
        }
      },
      "@types/node@18.16.19": {
        "integrity": "sha512-IXl7o+R9iti9eBW4Wg2hx1xQDig183jj7YLn8F7udNceyfkbn1ZxmzZXuak20gR40D7pIkIY1kYGx5VIGbaHKA==",
        "dependencies": {}
      },
      "@types/node@20.12.7": {
        "integrity": "sha512-wq0cICSkRLVaf3UGLMGItu/PtdY7oaXaI/RVU+xliKVOtRna3PRY57ZDfztpDL0n11vfymMUnXv8QwYCO7L1wg==",
        "dependencies": {
          "undici-types": "undici-types@5.26.5"
        }
      },
      "undici-types@5.26.5": {
        "integrity": "sha512-JlCMO+ehdEIKqlFxk6IfVoAUVmgz7cU7zD/h9XZ0qzeosSHmUJVOzSQvvYSYWXkFXC+IfLKSIffhv0sVZup6pA==",
        "dependencies": {}
      },
      "zod-opts@0.1.8": {
        "integrity": "sha512-YZhdEcIL3D2W9fXCCf/UBgrBS90c8w25RTteh5GihGIZzadYr/qIFxyM2L98zHUkZ2S8MMxwn3ny8fzPNnvPlg==",
        "dependencies": {
          "zod": "zod@3.23.8"
        }
      },
      "zod@3.23.8": {
        "integrity": "sha512-XBx9AXhXktjUqnepgTiE5flcKIYWi/rme0Eaj+5Y0lftuGBq+jyRu/md4WnuxqgP1ubdpNCsYEYPxrzVHD8d6g==",
        "dependencies": {}
      },
      "zx@8.1.4": {
        "integrity": "sha512-QFDYYpnzdpRiJ3dL2102Cw26FpXpWshW4QLTGxiYfIcwdAqg084jRCkK/kuP/NOSkxOjydRwNFG81qzA5r1a6w==",
        "dependencies": {
          "@types/fs-extra": "@types/fs-extra@11.0.4",
          "@types/node": "@types/node@20.12.7"
        }
      }
    }
  },
  "remote": {
    "https://deno.land/std@0.158.0/fmt/colors.ts": "ff7dc9c9f33a72bd48bc24b21bbc1b4545d8494a431f17894dbc5fe92a938fc4",
    "https://deno.land/std@0.158.0/testing/_diff.ts": "a23e7fc2b4d8daa3e158fa06856bedf5334ce2a2831e8bf9e509717f455adb2c",
    "https://deno.land/std@0.158.0/testing/_format.ts": "cd11136e1797791045e639e9f0f4640d5b4166148796cad37e6ef75f7d7f3832",
    "https://deno.land/std@0.158.0/testing/asserts.ts": "8696c488bc98d8d175e74dc652a0ffbc7fca93858da01edc57ed33c1148345da",
    "https://deno.land/std@0.97.0/fmt/colors.ts": "db22b314a2ae9430ae7460ce005e0a7130e23ae1c999157e3bb77cf55800f7e4",
    "https://deno.land/std@0.97.0/testing/_diff.ts": "961eaf6d9f5b0a8556c9d835bbc6fa74f5addd7d3b02728ba7936ff93364f7a3",
    "https://deno.land/std@0.97.0/testing/asserts.ts": "341292d12eebc44be4c3c2ca101ba8b6b5859cef2fa69d50c217f9d0bfbcfd1f",
    "https://deno.land/x/continuation@0.1.5/mod.ts": "690def2735046367b3e1b4bc6e51b5912f2ed09c41c7df7a55c060f23720ad33",
    "https://deno.land/x/effection@3.0.3/lib/abort-signal.ts": "b404e2c4250edb6df67f757cf190c87915fd4edbd3200c47b11db762a4cc10cc",
    "https://deno.land/x/effection@3.0.3/lib/all.ts": "e45b9701998212b8a97949b1a6f0defb71ce90e56eb57d5afb365e3bba2e3791",
    "https://deno.land/x/effection@3.0.3/lib/async.ts": "ac4bed095e849584a6170ac9a47c9217c2e1e99543275cbc9407d92851120ada",
    "https://deno.land/x/effection@3.0.3/lib/call.ts": "096705dfd01fa19b6ae01fe3e362c919308a011e6d4647029cdb31dac80eadb2",
    "https://deno.land/x/effection@3.0.3/lib/channel.ts": "445b29c5cfc0b6bc48b1a7ea81e09d14c452ee4646c49c7753c8e5b34962ad50",
    "https://deno.land/x/effection@3.0.3/lib/context.ts": "108989ac839d6756e30f6c0afc458bfa3975dd0f970d5173b6b8f8473ce4c335",
    "https://deno.land/x/effection@3.0.3/lib/deps.ts": "91062b4b97089a8cf36550d4f9605d325a0fd19bebc72d15524481a3b56ea669",
    "https://deno.land/x/effection@3.0.3/lib/each.ts": "0a32eaa8b54966a913c843714e669c1f1e8933a3570d54797cc20ee2c4b5de41",
    "https://deno.land/x/effection@3.0.3/lib/ensure.ts": "8043d8e6e67ad27382cba05b3c8b886cf46436871831171b8a8eea66609a6313",
    "https://deno.land/x/effection@3.0.3/lib/events.ts": "bdaf6c87c368aebff1e4287a9917ae0b6ba880c4008ecf0abf6b5af922233c62",
    "https://deno.land/x/effection@3.0.3/lib/instructions.ts": "3e5316bb7f32a70f93b853673dd1192cdfa11a04037e630d07ddf8fd5eba5d08",
    "https://deno.land/x/effection@3.0.3/lib/lazy.ts": "92ea526c5ad7d88290f2a87168e038d482f97421379508d85cf2e049ee60639b",
    "https://deno.land/x/effection@3.0.3/lib/lift.ts": "06fafd92f3a8e87c34e9bb9d9dacbb0333b5213c9c65c7245b2cab2cf3cf99e9",
    "https://deno.land/x/effection@3.0.3/lib/main.ts": "5f4793fe6d82dcbf991d3306334b784c2b2617f618295e8c368f3fe714e66c01",
    "https://deno.land/x/effection@3.0.3/lib/mod.ts": "bbbffe1265d9848812feefa7b20307c448bd4ce1d4c6232d2312f3722dca0fa7",
    "https://deno.land/x/effection@3.0.3/lib/pause.ts": "a690b0d67cf970c34f528df8c61d69eb43deda9817362776f6359f506dc0da45",
    "https://deno.land/x/effection@3.0.3/lib/queue.ts": "80c6234cb6eaba9fd1abdae077e73f51897b099ea54f852b9a744e8eba51302f",
    "https://deno.land/x/effection@3.0.3/lib/race.ts": "ab652679ee00fd3f4ca5156628bf3af7aea55b2e20bb6387693075f7ea27d5ca",
    "https://deno.land/x/effection@3.0.3/lib/result.ts": "44e4bdadad155beb9bbfe41948819bbcb9e27a772283e52e89981bd6636a8687",
    "https://deno.land/x/effection@3.0.3/lib/run.ts": "55070ed92c5881e86b9724f519986058286ef54b6c12adf82847023631ebcfd3",
    "https://deno.land/x/effection@3.0.3/lib/run/create.ts": "be9139af2fbe15908256d2d159dec8dca079f94cf02d488074c94fa26fc651fa",
    "https://deno.land/x/effection@3.0.3/lib/run/frame.ts": "132fdace9c00e6ad0e249d7faab1c33680336c5fa8e4a893f092ecec4e2df786",
    "https://deno.land/x/effection@3.0.3/lib/run/scope.ts": "a968455e313ba9aa097ee5c18b4db0d8e2397b90c78e413fa08396baead7b74a",
    "https://deno.land/x/effection@3.0.3/lib/run/task.ts": "7084b9cabdc338c776dc522ec8b677fb3ac41aa0c94e454d467731494cb68737",
    "https://deno.land/x/effection@3.0.3/lib/run/types.ts": "010bea700f68fef99dd87ca5ca3cbbc90e026ac467889d8429d39cba0ee55fda",
    "https://deno.land/x/effection@3.0.3/lib/run/value.ts": "d57428b45dfeecc9df1e68dadf8697dbc33cd412e6ffcab9d0ba4368e8c1fbd6",
    "https://deno.land/x/effection@3.0.3/lib/shift-sync.ts": "74ecefa9cb2e145a3c52f363319f8d6296b804600852044b7d14bd53bc10b512",
    "https://deno.land/x/effection@3.0.3/lib/signal.ts": "6aba1f372419e1540bd29a9ff992ffd2500e035b2e455d2c11d856a052f698d1",
    "https://deno.land/x/effection@3.0.3/lib/sleep.ts": "ff8ba6a0266f2e8837a9ae5f63402f8db51a39ce573abf1335109bef772d6b4a",
    "https://deno.land/x/effection@3.0.3/lib/types.ts": "06b435b6152b17ef7959a37e1901109b3c716e14ee5e0ae942314439f63bb630",
    "https://deno.land/x/effection@3.0.3/mod.ts": "ffae461c16d4a1bf24c2179582ab8d5c81ad0df61e4ae2fba51ef5e5bdf90345",
    "https://deno.land/x/expect@v0.3.0/expect.ts": "5e6717eddc9df376f7b2c9be6403e016130bb2edbb1acd261a2d6ea9608ee196",
    "https://deno.land/x/expect@v0.3.0/matchers.ts": "a37ef4577739247af77a852cdcd69484f999a41ad86ec16bb63a88a7a47a2372",
    "https://deno.land/x/expect@v0.3.0/mock.ts": "562d4b1d735d15b0b8e935f342679096b64fe452f86e96714fe8616c0c884914",
    "https://deno.land/x/expect@v0.3.0/mod.ts": "0304d2430e1e96ba669a8495e24ba606dcc3d152e1f81aaa8da898cea24e36c2"
  },
  "workspace": {
    "dependencies": [
      "jsr:@b-fuze/deno-dom",
      "jsr:@libs/xml",
      "jsr:@std/assert@1",
      "jsr:@std/cli@1",
      "jsr:@std/fs",
      "jsr:@std/testing@^1.0.0"
    ]
  }
}
